// !$*UTF8*$!
{
	archiveVersion = 1;
	classes = {
	};
	objectVersion = 56;
	objects = {

/* Begin PBXBuildFile section */
		B3E4C1D22B9867FF00ECFCF3 /* main.swift in Sources */ = {isa = PBXBuildFile; fileRef = B3E4C1D12B9867FF00ECFCF3 /* main.swift */; };
/* End PBXBuildFile section */

/* Begin PBXCopyFilesBuildPhase section */
		B3DCC3BD2B59188E00F11196 /* CopyFiles */ = {
			isa = PBXCopyFilesBuildPhase;
			buildActionMask = 2147483647;
			dstPath = /usr/share/man/man1/;
			dstSubfolderSpec = 0;
			files = (
			);
			runOnlyForDeploymentPostprocessing = 1;
		};
/* End PBXCopyFilesBuildPhase section */

/* Begin PBXFileReference section */
		B3340D8E2B5F96680025C83E /* bj_9498.swift */ = {isa = PBXFileReference; lastKnownFileType = sourcecode.swift; path = bj_9498.swift; sourceTree = "<group>"; };
		B3340D902B5F987B0025C83E /* bi_2753.swift */ = {isa = PBXFileReference; lastKnownFileType = sourcecode.swift; path = bi_2753.swift; sourceTree = "<group>"; };
		B3340D922B5F993D0025C83E /* bj_14681.swift */ = {isa = PBXFileReference; lastKnownFileType = sourcecode.swift; path = bj_14681.swift; sourceTree = "<group>"; };
		B3340D942B5F9A1F0025C83E /* bj_2884.swift */ = {isa = PBXFileReference; lastKnownFileType = sourcecode.swift; path = bj_2884.swift; sourceTree = "<group>"; };
		B3340D962B5F9C650025C83E /* bj_2525.swift */ = {isa = PBXFileReference; lastKnownFileType = sourcecode.swift; path = bj_2525.swift; sourceTree = "<group>"; };
		B3340D982B5F9F8D0025C83E /* bj_2480.swift */ = {isa = PBXFileReference; lastKnownFileType = sourcecode.swift; path = bj_2480.swift; sourceTree = "<group>"; };
		B3340D9A2B5FA5B60025C83E /* bj_2739.swift */ = {isa = PBXFileReference; lastKnownFileType = sourcecode.swift; path = bj_2739.swift; sourceTree = "<group>"; };
		B3340D9C2B6269430025C83E /* bj_10950.swift */ = {isa = PBXFileReference; lastKnownFileType = sourcecode.swift; path = bj_10950.swift; sourceTree = "<group>"; };
		B3340D9E2B626A2C0025C83E /* bj_8393.swift */ = {isa = PBXFileReference; lastKnownFileType = sourcecode.swift; path = bj_8393.swift; sourceTree = "<group>"; };
		B3340DA02B626F6A0025C83E /* bj_25304.swift */ = {isa = PBXFileReference; lastKnownFileType = sourcecode.swift; path = bj_25304.swift; sourceTree = "<group>"; };
		B3340DA22B6281960025C83E /* bj_25314.swift */ = {isa = PBXFileReference; lastKnownFileType = sourcecode.swift; path = bj_25314.swift; sourceTree = "<group>"; };
		B3340DA42B6285590025C83E /* bj_15552.swift */ = {isa = PBXFileReference; lastKnownFileType = sourcecode.swift; path = bj_15552.swift; sourceTree = "<group>"; };
		B3340DA62B62978F0025C83E /* bj_11021.swift */ = {isa = PBXFileReference; lastKnownFileType = sourcecode.swift; path = bj_11021.swift; sourceTree = "<group>"; };
		B3340DA82B6298430025C83E /* bj_11022.swift */ = {isa = PBXFileReference; lastKnownFileType = sourcecode.swift; path = bj_11022.swift; sourceTree = "<group>"; };
		B3340DAA2B62990E0025C83E /* bj_2438.swift */ = {isa = PBXFileReference; lastKnownFileType = sourcecode.swift; path = bj_2438.swift; sourceTree = "<group>"; };
		B3340DAC2B629B7C0025C83E /* bj_2439.swift */ = {isa = PBXFileReference; lastKnownFileType = sourcecode.swift; path = bj_2439.swift; sourceTree = "<group>"; };
		B3340DAE2B629E590025C83E /* bj_10951.swift */ = {isa = PBXFileReference; lastKnownFileType = sourcecode.swift; path = bj_10951.swift; sourceTree = "<group>"; };
		B3340DB02B62A0DF0025C83E /* bj_10807.swift */ = {isa = PBXFileReference; lastKnownFileType = sourcecode.swift; path = bj_10807.swift; sourceTree = "<group>"; };
		B35812AC2B8F6C7500B067A1 /* bj_1316.swift */ = {isa = PBXFileReference; lastKnownFileType = sourcecode.swift; path = bj_1316.swift; sourceTree = "<group>"; };
		B35812AE2B90A9FD00B067A1 /* bj_25206.swift */ = {isa = PBXFileReference; lastKnownFileType = sourcecode.swift; path = bj_25206.swift; sourceTree = "<group>"; };
		B35812B02B91CB3C00B067A1 /* bj_2738.swift */ = {isa = PBXFileReference; lastKnownFileType = sourcecode.swift; path = bj_2738.swift; sourceTree = "<group>"; };
		B35812B22B93704000B067A1 /* bj_2566.swift */ = {isa = PBXFileReference; lastKnownFileType = sourcecode.swift; path = bj_2566.swift; sourceTree = "<group>"; };
		B35812B42B944B8B00B067A1 /* bj_10798.swift */ = {isa = PBXFileReference; lastKnownFileType = sourcecode.swift; path = bj_10798.swift; sourceTree = "<group>"; };
		B389A0362B8C59DA009CE7EF /* bj_2444.swift */ = {isa = PBXFileReference; lastKnownFileType = sourcecode.swift; path = bj_2444.swift; sourceTree = "<group>"; };
		B389A0382B8C642E009CE7EF /* bj_10988.swift */ = {isa = PBXFileReference; lastKnownFileType = sourcecode.swift; path = bj_10988.swift; sourceTree = "<group>"; };
		B389A03A2B8C692C009CE7EF /* bj_1157.swift */ = {isa = PBXFileReference; lastKnownFileType = sourcecode.swift; path = bj_1157.swift; sourceTree = "<group>"; };
		B389A03C2B8DD42B009CE7EF /* bj_2941.swift */ = {isa = PBXFileReference; lastKnownFileType = sourcecode.swift; path = bj_2941.swift; sourceTree = "<group>"; };
		B395441F2B888043001E545D /* bj_3003.swift */ = {isa = PBXFileReference; lastKnownFileType = sourcecode.swift; path = bj_3003.swift; sourceTree = "<group>"; };
		B3A533AA2B63AF2500DDDECC /* bj_3052.swift */ = {isa = PBXFileReference; lastKnownFileType = sourcecode.swift; path = bj_3052.swift; sourceTree = "<group>"; };
		B3A533AC2B63B32900DDDECC /* bj_10811.swift */ = {isa = PBXFileReference; lastKnownFileType = sourcecode.swift; path = bj_10811.swift; sourceTree = "<group>"; };
		B3A533AE2B63B50F00DDDECC /* bj_10810.swift */ = {isa = PBXFileReference; lastKnownFileType = sourcecode.swift; path = bj_10810.swift; sourceTree = "<group>"; };
		B3A533B02B63B52700DDDECC /* bj_1546.swift */ = {isa = PBXFileReference; lastKnownFileType = sourcecode.swift; path = bj_1546.swift; sourceTree = "<group>"; };
		B3A533B22B63FAFB00DDDECC /* bj_27866.swift */ = {isa = PBXFileReference; lastKnownFileType = sourcecode.swift; path = bj_27866.swift; sourceTree = "<group>"; };
		B3A533B42B64DD8400DDDECC /* bj_2743.swift */ = {isa = PBXFileReference; lastKnownFileType = sourcecode.swift; path = bj_2743.swift; sourceTree = "<group>"; };
		B3A533B62B64DE0500DDDECC /* bj_9086.swift */ = {isa = PBXFileReference; lastKnownFileType = sourcecode.swift; path = bj_9086.swift; sourceTree = "<group>"; };
		B3A533B82B64E0A300DDDECC /* bj_11654.swift */ = {isa = PBXFileReference; lastKnownFileType = sourcecode.swift; path = bj_11654.swift; sourceTree = "<group>"; };
		B3A533BA2B64E17500DDDECC /* bj_11720.swift */ = {isa = PBXFileReference; lastKnownFileType = sourcecode.swift; path = bj_11720.swift; sourceTree = "<group>"; };
		B3A533BC2B64E49200DDDECC /* bj_10809.swift */ = {isa = PBXFileReference; lastKnownFileType = sourcecode.swift; path = bj_10809.swift; sourceTree = "<group>"; };
		B3A533BE2B64EDF700DDDECC /* bj_2675.swift */ = {isa = PBXFileReference; lastKnownFileType = sourcecode.swift; path = bj_2675.swift; sourceTree = "<group>"; };
		B3A533C02B64F53D00DDDECC /* bj_1152.swift */ = {isa = PBXFileReference; lastKnownFileType = sourcecode.swift; path = bj_1152.swift; sourceTree = "<group>"; };
		B3A533C22B64F65700DDDECC /* bj_2908.swift */ = {isa = PBXFileReference; lastKnownFileType = sourcecode.swift; path = bj_2908.swift; sourceTree = "<group>"; };
		B3A533C42B64F91B00DDDECC /* bj_11718.swift */ = {isa = PBXFileReference; lastKnownFileType = sourcecode.swift; path = bj_11718.swift; sourceTree = "<group>"; };
		B3A533C62B64FFA800DDDECC /* bj_5622.swift */ = {isa = PBXFileReference; lastKnownFileType = sourcecode.swift; path = bj_5622.swift; sourceTree = "<group>"; };
		B3A533C82B65090500DDDECC /* bj_25083.swift */ = {isa = PBXFileReference; lastKnownFileType = sourcecode.swift; path = bj_25083.swift; sourceTree = "<group>"; };
		B3CE79602B639C1D005AE284 /* bj_10871.swift */ = {isa = PBXFileReference; lastKnownFileType = sourcecode.swift; path = bj_10871.swift; sourceTree = "<group>"; };
		B3CE79622B639EE0005AE284 /* bj_10818.swift */ = {isa = PBXFileReference; lastKnownFileType = sourcecode.swift; path = bj_10818.swift; sourceTree = "<group>"; };
		B3CE79642B63A028005AE284 /* bj_2562.swift */ = {isa = PBXFileReference; lastKnownFileType = sourcecode.swift; path = bj_2562.swift; sourceTree = "<group>"; };
		B3CE79662B63A2B0005AE284 /* bj_10813.swift */ = {isa = PBXFileReference; lastKnownFileType = sourcecode.swift; path = bj_10813.swift; sourceTree = "<group>"; };
		B3CE79682B63A87F005AE284 /* bj_5597.swift */ = {isa = PBXFileReference; lastKnownFileType = sourcecode.swift; path = bj_5597.swift; sourceTree = "<group>"; };
		B3DCC3BF2B59188E00F11196 /* Algorithm */ = {isa = PBXFileReference; explicitFileType = "compiled.mach-o.executable"; includeInIndex = 0; path = Algorithm; sourceTree = BUILT_PRODUCTS_DIR; };
		B3DCC3E72B591A3400F11196 /* bj_1000.swift */ = {isa = PBXFileReference; fileEncoding = 4; lastKnownFileType = sourcecode.swift; path = bj_1000.swift; sourceTree = "<group>"; };
		B3DCC3E82B591A3400F11196 /* bj_11382.swift */ = {isa = PBXFileReference; fileEncoding = 4; lastKnownFileType = sourcecode.swift; path = bj_11382.swift; sourceTree = "<group>"; };
		B3DCC3E92B591A3400F11196 /* bj_18108.swift */ = {isa = PBXFileReference; fileEncoding = 4; lastKnownFileType = sourcecode.swift; path = bj_18108.swift; sourceTree = "<group>"; };
		B3DCC3EA2B591A3400F11196 /* bj_10171.swift */ = {isa = PBXFileReference; fileEncoding = 4; lastKnownFileType = sourcecode.swift; path = bj_10171.swift; sourceTree = "<group>"; };
		B3DCC3EB2B591A3400F11196 /* bj_1001.swift */ = {isa = PBXFileReference; fileEncoding = 4; lastKnownFileType = sourcecode.swift; path = bj_1001.swift; sourceTree = "<group>"; };
		B3DCC3EC2B591A3400F11196 /* bj_10926.swift */ = {isa = PBXFileReference; fileEncoding = 4; lastKnownFileType = sourcecode.swift; path = bj_10926.swift; sourceTree = "<group>"; };
		B3DCC3ED2B591A3500F11196 /* bj_2588.swift */ = {isa = PBXFileReference; fileEncoding = 4; lastKnownFileType = sourcecode.swift; path = bj_2588.swift; sourceTree = "<group>"; };
		B3DCC3EE2B591A3500F11196 /* bj_10172.swift */ = {isa = PBXFileReference; fileEncoding = 4; lastKnownFileType = sourcecode.swift; path = bj_10172.swift; sourceTree = "<group>"; };
		B3DCC3EF2B591A3500F11196 /* bj_10869.swift */ = {isa = PBXFileReference; fileEncoding = 4; lastKnownFileType = sourcecode.swift; path = bj_10869.swift; sourceTree = "<group>"; };
		B3DCC3F02B591A3500F11196 /* bj_10430.swift */ = {isa = PBXFileReference; fileEncoding = 4; lastKnownFileType = sourcecode.swift; path = bj_10430.swift; sourceTree = "<group>"; };
		B3DCC3F12B591A3500F11196 /* bj_10998.swift */ = {isa = PBXFileReference; fileEncoding = 4; lastKnownFileType = sourcecode.swift; path = bj_10998.swift; sourceTree = "<group>"; };
		B3DCC3F22B591A3500F11196 /* bj_2557.swift */ = {isa = PBXFileReference; fileEncoding = 4; lastKnownFileType = sourcecode.swift; path = bj_2557.swift; sourceTree = "<group>"; };
		B3DCC3F32B591A3500F11196 /* bj_1008.swift */ = {isa = PBXFileReference; fileEncoding = 4; lastKnownFileType = sourcecode.swift; path = bj_1008.swift; sourceTree = "<group>"; };
		B3DCC4032B591A8B00F11196 /* bj_1330.swift */ = {isa = PBXFileReference; lastKnownFileType = sourcecode.swift; path = bj_1330.swift; sourceTree = "<group>"; };
		B3E4C1CD2B985C6100ECFCF3 /* bj_2745.swift */ = {isa = PBXFileReference; lastKnownFileType = sourcecode.swift; path = bj_2745.swift; sourceTree = "<group>"; };
		B3E4C1CF2B9865CD00ECFCF3 /* bj_11005.swift */ = {isa = PBXFileReference; lastKnownFileType = sourcecode.swift; path = bj_11005.swift; sourceTree = "<group>"; };
		B3E4C1D12B9867FF00ECFCF3 /* main.swift */ = {isa = PBXFileReference; lastKnownFileType = sourcecode.swift; path = main.swift; sourceTree = "<group>"; };
		B3F334BE2B949C4D00CF5A57 /* bj_2563.swift */ = {isa = PBXFileReference; lastKnownFileType = sourcecode.swift; path = bj_2563.swift; sourceTree = "<group>"; };
/* End PBXFileReference section */

/* Begin PBXFrameworksBuildPhase section */
		B3DCC3BC2B59188E00F11196 /* Frameworks */ = {
			isa = PBXFrameworksBuildPhase;
			buildActionMask = 2147483647;
			files = (
			);
			runOnlyForDeploymentPostprocessing = 0;
		};
/* End PBXFrameworksBuildPhase section */

/* Begin PBXGroup section */
		B3DCC3B62B59188E00F11196 = {
			isa = PBXGroup;
			children = (
				B3DCC3C12B59188E00F11196 /* Algorithm */,
				B3DCC3C02B59188E00F11196 /* Products */,
			);
			sourceTree = "<group>";
		};
		B3DCC3C02B59188E00F11196 /* Products */ = {
			isa = PBXGroup;
			children = (
				B3DCC3BF2B59188E00F11196 /* Algorithm */,
			);
			name = Products;
			sourceTree = "<group>";
		};
		B3DCC3C12B59188E00F11196 /* Algorithm */ = {
			isa = PBXGroup;
			children = (
				B3DCC4012B591A3F00F11196 /* Baekjoon */,
				B3DCC4022B591A4800F11196 /* Programmers */,
			);
			path = Algorithm;
			sourceTree = "<group>";
		};
		B3DCC4012B591A3F00F11196 /* Baekjoon */ = {
			isa = PBXGroup;
			children = (
				B3DCC3E72B591A3400F11196 /* bj_1000.swift */,
				B3DCC3EB2B591A3400F11196 /* bj_1001.swift */,
				B3DCC3F32B591A3500F11196 /* bj_1008.swift */,
				B3DCC3F22B591A3500F11196 /* bj_2557.swift */,
				B3DCC3ED2B591A3500F11196 /* bj_2588.swift */,
				B3DCC3EA2B591A3400F11196 /* bj_10171.swift */,
				B3DCC3EE2B591A3500F11196 /* bj_10172.swift */,
				B3DCC3F02B591A3500F11196 /* bj_10430.swift */,
				B3DCC3EF2B591A3500F11196 /* bj_10869.swift */,
				B3DCC3EC2B591A3400F11196 /* bj_10926.swift */,
				B3DCC3F12B591A3500F11196 /* bj_10998.swift */,
				B3DCC3E82B591A3400F11196 /* bj_11382.swift */,
				B3DCC3E92B591A3400F11196 /* bj_18108.swift */,
				B3DCC4032B591A8B00F11196 /* bj_1330.swift */,
				B3340D8E2B5F96680025C83E /* bj_9498.swift */,
				B3340D902B5F987B0025C83E /* bi_2753.swift */,
				B3340D922B5F993D0025C83E /* bj_14681.swift */,
				B3340D942B5F9A1F0025C83E /* bj_2884.swift */,
				B3340D962B5F9C650025C83E /* bj_2525.swift */,
				B3340D982B5F9F8D0025C83E /* bj_2480.swift */,
				B3340D9A2B5FA5B60025C83E /* bj_2739.swift */,
				B3340D9C2B6269430025C83E /* bj_10950.swift */,
				B3340D9E2B626A2C0025C83E /* bj_8393.swift */,
				B3340DA02B626F6A0025C83E /* bj_25304.swift */,
				B3340DA22B6281960025C83E /* bj_25314.swift */,
				B3340DA42B6285590025C83E /* bj_15552.swift */,
				B3340DA62B62978F0025C83E /* bj_11021.swift */,
				B3340DA82B6298430025C83E /* bj_11022.swift */,
				B3340DAA2B62990E0025C83E /* bj_2438.swift */,
				B3340DAC2B629B7C0025C83E /* bj_2439.swift */,
				B3340DAE2B629E590025C83E /* bj_10951.swift */,
				B3340DB02B62A0DF0025C83E /* bj_10807.swift */,
				B3CE79602B639C1D005AE284 /* bj_10871.swift */,
				B3CE79622B639EE0005AE284 /* bj_10818.swift */,
				B3CE79642B63A028005AE284 /* bj_2562.swift */,
				B3A533AE2B63B50F00DDDECC /* bj_10810.swift */,
				B3CE79662B63A2B0005AE284 /* bj_10813.swift */,
				B3CE79682B63A87F005AE284 /* bj_5597.swift */,
				B3A533AA2B63AF2500DDDECC /* bj_3052.swift */,
				B3A533AC2B63B32900DDDECC /* bj_10811.swift */,
				B3A533B02B63B52700DDDECC /* bj_1546.swift */,
				B3A533B22B63FAFB00DDDECC /* bj_27866.swift */,
				B3A533B42B64DD8400DDDECC /* bj_2743.swift */,
				B3A533B62B64DE0500DDDECC /* bj_9086.swift */,
				B3A533B82B64E0A300DDDECC /* bj_11654.swift */,
				B3A533BA2B64E17500DDDECC /* bj_11720.swift */,
				B3A533BC2B64E49200DDDECC /* bj_10809.swift */,
				B3A533BE2B64EDF700DDDECC /* bj_2675.swift */,
				B3A533C02B64F53D00DDDECC /* bj_1152.swift */,
				B3A533C22B64F65700DDDECC /* bj_2908.swift */,
				B3A533C62B64FFA800DDDECC /* bj_5622.swift */,
				B3A533C42B64F91B00DDDECC /* bj_11718.swift */,
				B3A533C82B65090500DDDECC /* bj_25083.swift */,
				B395441F2B888043001E545D /* bj_3003.swift */,
				B389A0362B8C59DA009CE7EF /* bj_2444.swift */,
				B389A0382B8C642E009CE7EF /* bj_10988.swift */,
				B389A03A2B8C692C009CE7EF /* bj_1157.swift */,
				B389A03C2B8DD42B009CE7EF /* bj_2941.swift */,
				B35812AC2B8F6C7500B067A1 /* bj_1316.swift */,
				B35812AE2B90A9FD00B067A1 /* bj_25206.swift */,
				B35812B02B91CB3C00B067A1 /* bj_2738.swift */,
				B35812B22B93704000B067A1 /* bj_2566.swift */,
				B35812B42B944B8B00B067A1 /* bj_10798.swift */,
				B3F334BE2B949C4D00CF5A57 /* bj_2563.swift */,
				B3E4C1CD2B985C6100ECFCF3 /* bj_2745.swift */,
				B3E4C1CF2B9865CD00ECFCF3 /* bj_11005.swift */,
				B3E4C1D12B9867FF00ECFCF3 /* main.swift */,
			);
			path = Baekjoon;
			sourceTree = "<group>";
		};
		B3DCC4022B591A4800F11196 /* Programmers */ = {
			isa = PBXGroup;
			children = (
			);
			path = Programmers;
			sourceTree = "<group>";
		};
/* End PBXGroup section */

/* Begin PBXNativeTarget section */
		B3DCC3BE2B59188E00F11196 /* Algorithm */ = {
			isa = PBXNativeTarget;
			buildConfigurationList = B3DCC3C62B59188E00F11196 /* Build configuration list for PBXNativeTarget "Algorithm" */;
			buildPhases = (
				B3DCC3BB2B59188E00F11196 /* Sources */,
				B3DCC3BC2B59188E00F11196 /* Frameworks */,
				B3DCC3BD2B59188E00F11196 /* CopyFiles */,
			);
			buildRules = (
			);
			dependencies = (
			);
			name = Algorithm;
			productName = Algorithm;
			productReference = B3DCC3BF2B59188E00F11196 /* Algorithm */;
			productType = "com.apple.product-type.tool";
		};
/* End PBXNativeTarget section */

/* Begin PBXProject section */
		B3DCC3B72B59188E00F11196 /* Project object */ = {
			isa = PBXProject;
			attributes = {
				BuildIndependentTargetsInParallel = 1;
				LastSwiftUpdateCheck = 1520;
				LastUpgradeCheck = 1520;
				TargetAttributes = {
					B3DCC3BE2B59188E00F11196 = {
						CreatedOnToolsVersion = 15.2;
						LastSwiftMigration = 1520;
					};
				};
			};
			buildConfigurationList = B3DCC3BA2B59188E00F11196 /* Build configuration list for PBXProject "Algorithm" */;
			compatibilityVersion = "Xcode 14.0";
			developmentRegion = en;
			hasScannedForEncodings = 0;
			knownRegions = (
				en,
				Base,
			);
			mainGroup = B3DCC3B62B59188E00F11196;
			productRefGroup = B3DCC3C02B59188E00F11196 /* Products */;
			projectDirPath = "";
			projectRoot = "";
			targets = (
				B3DCC3BE2B59188E00F11196 /* Algorithm */,
			);
		};
/* End PBXProject section */

/* Begin PBXSourcesBuildPhase section */
		B3DCC3BB2B59188E00F11196 /* Sources */ = {
			isa = PBXSourcesBuildPhase;
			buildActionMask = 2147483647;
			files = (
				B3E4C1D22B9867FF00ECFCF3 /* main.swift in Sources */,
			);
			runOnlyForDeploymentPostprocessing = 0;
		};
/* End PBXSourcesBuildPhase section */

/* Begin XCBuildConfiguration section */
		B3DCC3C42B59188E00F11196 /* Debug */ = {
			isa = XCBuildConfiguration;
			buildSettings = {
				ALWAYS_SEARCH_USER_PATHS = NO;
				ASSETCATALOG_COMPILER_GENERATE_SWIFT_ASSET_SYMBOL_EXTENSIONS = YES;
				CLANG_ANALYZER_NONNULL = YES;
				CLANG_ANALYZER_NUMBER_OBJECT_CONVERSION = YES_AGGRESSIVE;
				CLANG_CXX_LANGUAGE_STANDARD = "gnu++20";
				CLANG_ENABLE_MODULES = YES;
				CLANG_ENABLE_OBJC_ARC = YES;
				CLANG_ENABLE_OBJC_WEAK = YES;
				CLANG_WARN_BLOCK_CAPTURE_AUTORELEASING = YES;
				CLANG_WARN_BOOL_CONVERSION = YES;
				CLANG_WARN_COMMA = YES;
				CLANG_WARN_CONSTANT_CONVERSION = YES;
				CLANG_WARN_DEPRECATED_OBJC_IMPLEMENTATIONS = YES;
				CLANG_WARN_DIRECT_OBJC_ISA_USAGE = YES_ERROR;
				CLANG_WARN_DOCUMENTATION_COMMENTS = YES;
				CLANG_WARN_EMPTY_BODY = YES;
				CLANG_WARN_ENUM_CONVERSION = YES;
				CLANG_WARN_INFINITE_RECURSION = YES;
				CLANG_WARN_INT_CONVERSION = YES;
				CLANG_WARN_NON_LITERAL_NULL_CONVERSION = YES;
				CLANG_WARN_OBJC_IMPLICIT_RETAIN_SELF = YES;
				CLANG_WARN_OBJC_LITERAL_CONVERSION = YES;
				CLANG_WARN_OBJC_ROOT_CLASS = YES_ERROR;
				CLANG_WARN_QUOTED_INCLUDE_IN_FRAMEWORK_HEADER = YES;
				CLANG_WARN_RANGE_LOOP_ANALYSIS = YES;
				CLANG_WARN_STRICT_PROTOTYPES = YES;
				CLANG_WARN_SUSPICIOUS_MOVE = YES;
				CLANG_WARN_UNGUARDED_AVAILABILITY = YES_AGGRESSIVE;
				CLANG_WARN_UNREACHABLE_CODE = YES;
				CLANG_WARN__DUPLICATE_METHOD_MATCH = YES;
				COPY_PHASE_STRIP = NO;
				DEBUG_INFORMATION_FORMAT = dwarf;
				ENABLE_STRICT_OBJC_MSGSEND = YES;
				ENABLE_TESTABILITY = YES;
				ENABLE_USER_SCRIPT_SANDBOXING = YES;
				GCC_C_LANGUAGE_STANDARD = gnu17;
				GCC_DYNAMIC_NO_PIC = NO;
				GCC_NO_COMMON_BLOCKS = YES;
				GCC_OPTIMIZATION_LEVEL = 0;
				GCC_PREPROCESSOR_DEFINITIONS = (
					"DEBUG=1",
					"$(inherited)",
				);
				GCC_WARN_64_TO_32_BIT_CONVERSION = YES;
				GCC_WARN_ABOUT_RETURN_TYPE = YES_ERROR;
				GCC_WARN_UNDECLARED_SELECTOR = YES;
				GCC_WARN_UNINITIALIZED_AUTOS = YES_AGGRESSIVE;
				GCC_WARN_UNUSED_FUNCTION = YES;
				GCC_WARN_UNUSED_VARIABLE = YES;
				LOCALIZATION_PREFERS_STRING_CATALOGS = YES;
				MACOSX_DEPLOYMENT_TARGET = 14.1;
				MTL_ENABLE_DEBUG_INFO = INCLUDE_SOURCE;
				MTL_FAST_MATH = YES;
				ONLY_ACTIVE_ARCH = YES;
				SDKROOT = macosx;
				SWIFT_ACTIVE_COMPILATION_CONDITIONS = "DEBUG $(inherited)";
				SWIFT_OPTIMIZATION_LEVEL = "-Onone";
			};
			name = Debug;
		};
		B3DCC3C52B59188E00F11196 /* Release */ = {
			isa = XCBuildConfiguration;
			buildSettings = {
				ALWAYS_SEARCH_USER_PATHS = NO;
				ASSETCATALOG_COMPILER_GENERATE_SWIFT_ASSET_SYMBOL_EXTENSIONS = YES;
				CLANG_ANALYZER_NONNULL = YES;
				CLANG_ANALYZER_NUMBER_OBJECT_CONVERSION = YES_AGGRESSIVE;
				CLANG_CXX_LANGUAGE_STANDARD = "gnu++20";
				CLANG_ENABLE_MODULES = YES;
				CLANG_ENABLE_OBJC_ARC = YES;
				CLANG_ENABLE_OBJC_WEAK = YES;
				CLANG_WARN_BLOCK_CAPTURE_AUTORELEASING = YES;
				CLANG_WARN_BOOL_CONVERSION = YES;
				CLANG_WARN_COMMA = YES;
				CLANG_WARN_CONSTANT_CONVERSION = YES;
				CLANG_WARN_DEPRECATED_OBJC_IMPLEMENTATIONS = YES;
				CLANG_WARN_DIRECT_OBJC_ISA_USAGE = YES_ERROR;
				CLANG_WARN_DOCUMENTATION_COMMENTS = YES;
				CLANG_WARN_EMPTY_BODY = YES;
				CLANG_WARN_ENUM_CONVERSION = YES;
				CLANG_WARN_INFINITE_RECURSION = YES;
				CLANG_WARN_INT_CONVERSION = YES;
				CLANG_WARN_NON_LITERAL_NULL_CONVERSION = YES;
				CLANG_WARN_OBJC_IMPLICIT_RETAIN_SELF = YES;
				CLANG_WARN_OBJC_LITERAL_CONVERSION = YES;
				CLANG_WARN_OBJC_ROOT_CLASS = YES_ERROR;
				CLANG_WARN_QUOTED_INCLUDE_IN_FRAMEWORK_HEADER = YES;
				CLANG_WARN_RANGE_LOOP_ANALYSIS = YES;
				CLANG_WARN_STRICT_PROTOTYPES = YES;
				CLANG_WARN_SUSPICIOUS_MOVE = YES;
				CLANG_WARN_UNGUARDED_AVAILABILITY = YES_AGGRESSIVE;
				CLANG_WARN_UNREACHABLE_CODE = YES;
				CLANG_WARN__DUPLICATE_METHOD_MATCH = YES;
				COPY_PHASE_STRIP = NO;
				DEBUG_INFORMATION_FORMAT = "dwarf-with-dsym";
				ENABLE_NS_ASSERTIONS = NO;
				ENABLE_STRICT_OBJC_MSGSEND = YES;
				ENABLE_USER_SCRIPT_SANDBOXING = YES;
				GCC_C_LANGUAGE_STANDARD = gnu17;
				GCC_NO_COMMON_BLOCKS = YES;
				GCC_WARN_64_TO_32_BIT_CONVERSION = YES;
				GCC_WARN_ABOUT_RETURN_TYPE = YES_ERROR;
				GCC_WARN_UNDECLARED_SELECTOR = YES;
				GCC_WARN_UNINITIALIZED_AUTOS = YES_AGGRESSIVE;
				GCC_WARN_UNUSED_FUNCTION = YES;
				GCC_WARN_UNUSED_VARIABLE = YES;
				LOCALIZATION_PREFERS_STRING_CATALOGS = YES;
				MACOSX_DEPLOYMENT_TARGET = 14.1;
				MTL_ENABLE_DEBUG_INFO = NO;
				MTL_FAST_MATH = YES;
				SDKROOT = macosx;
				SWIFT_COMPILATION_MODE = wholemodule;
			};
			name = Release;
		};
		B3DCC3C72B59188E00F11196 /* Debug */ = {
			isa = XCBuildConfiguration;
			buildSettings = {
				CLANG_ENABLE_MODULES = YES;
				CODE_SIGN_STYLE = Automatic;
				PRODUCT_NAME = "$(TARGET_NAME)";
				SWIFT_OPTIMIZATION_LEVEL = "-Onone";
				SWIFT_VERSION = 5.0;
			};
			name = Debug;
		};
		B3DCC3C82B59188E00F11196 /* Release */ = {
			isa = XCBuildConfiguration;
			buildSettings = {
				CLANG_ENABLE_MODULES = YES;
				CODE_SIGN_STYLE = Automatic;
				PRODUCT_NAME = "$(TARGET_NAME)";
				SWIFT_VERSION = 5.0;
			};
			name = Release;
		};
/* End XCBuildConfiguration section */

/* Begin XCConfigurationList section */
		B3DCC3BA2B59188E00F11196 /* Build configuration list for PBXProject "Algorithm" */ = {
			isa = XCConfigurationList;
			buildConfigurations = (
				B3DCC3C42B59188E00F11196 /* Debug */,
				B3DCC3C52B59188E00F11196 /* Release */,
			);
			defaultConfigurationIsVisible = 0;
			defaultConfigurationName = Release;
		};
		B3DCC3C62B59188E00F11196 /* Build configuration list for PBXNativeTarget "Algorithm" */ = {
			isa = XCConfigurationList;
			buildConfigurations = (
				B3DCC3C72B59188E00F11196 /* Debug */,
				B3DCC3C82B59188E00F11196 /* Release */,
			);
			defaultConfigurationIsVisible = 0;
			defaultConfigurationName = Release;
		};
/* End XCConfigurationList section */
	};
	rootObject = B3DCC3B72B59188E00F11196 /* Project object */;
}
